// !$*UTF8*$!
{
	archiveVersion = 1;
	classes = {
	};
	objectVersion = 55;
	objects = {

/* Begin PBXBuildFile section */
		8B2279DB28CFB38800CE7D0B /* DetailView.swift in Sources */ = {isa = PBXBuildFile; fileRef = 8B2279DA28CFB38800CE7D0B /* DetailView.swift */; };
		8BC1093328CF56D700CEEC77 /* NotesApp.swift in Sources */ = {isa = PBXBuildFile; fileRef = 8BC1093228CF56D700CEEC77 /* NotesApp.swift */; };
		8BC1093528CF56D700CEEC77 /* ContentView.swift in Sources */ = {isa = PBXBuildFile; fileRef = 8BC1093428CF56D700CEEC77 /* ContentView.swift */; };
		8BC1093728CF56DD00CEEC77 /* Assets.xcassets in Resources */ = {isa = PBXBuildFile; fileRef = 8BC1093628CF56DD00CEEC77 /* Assets.xcassets */; };
		8BC1093A28CF56DD00CEEC77 /* Preview Assets.xcassets in Resources */ = {isa = PBXBuildFile; fileRef = 8BC1093928CF56DD00CEEC77 /* Preview Assets.xcassets */; };
		8BC1093F28CF56DD00CEEC77 /* Notes.xcdatamodeld in Sources */ = {isa = PBXBuildFile; fileRef = 8BC1093D28CF56DD00CEEC77 /* Notes.xcdatamodeld */; };
		8BC1094928CF56DE00CEEC77 /* NotesTests.swift in Sources */ = {isa = PBXBuildFile; fileRef = 8BC1094828CF56DE00CEEC77 /* NotesTests.swift */; };
		8BC1095328CF56DE00CEEC77 /* NotesUITests.swift in Sources */ = {isa = PBXBuildFile; fileRef = 8BC1095228CF56DE00CEEC77 /* NotesUITests.swift */; };
		8BC1095528CF56DE00CEEC77 /* NotesUITestsLaunchTests.swift in Sources */ = {isa = PBXBuildFile; fileRef = 8BC1095428CF56DE00CEEC77 /* NotesUITestsLaunchTests.swift */; };
		8BC1096228CF5F2000CEEC77 /* AddNote.swift in Sources */ = {isa = PBXBuildFile; fileRef = 8BC1096128CF5F2000CEEC77 /* AddNote.swift */; };
		8BE5D0E028CFCB0100853474 /* NotesModel.swift in Sources */ = {isa = PBXBuildFile; fileRef = 8BE5D0DF28CFCB0100853474 /* NotesModel.swift */; };
/* End PBXBuildFile section */

/* Begin PBXContainerItemProxy section */
		8BC1094528CF56DE00CEEC77 /* PBXContainerItemProxy */ = {
			isa = PBXContainerItemProxy;
			containerPortal = 8BC1092728CF56D700CEEC77 /* Project object */;
			proxyType = 1;
			remoteGlobalIDString = 8BC1092E28CF56D700CEEC77;
			remoteInfo = Notes;
		};
		8BC1094F28CF56DE00CEEC77 /* PBXContainerItemProxy */ = {
			isa = PBXContainerItemProxy;
			containerPortal = 8BC1092728CF56D700CEEC77 /* Project object */;
			proxyType = 1;
			remoteGlobalIDString = 8BC1092E28CF56D700CEEC77;
			remoteInfo = Notes;
		};
/* End PBXContainerItemProxy section */

/* Begin PBXFileReference section */
		8B2279DA28CFB38800CE7D0B /* DetailView.swift */ = {isa = PBXFileReference; lastKnownFileType = sourcecode.swift; path = DetailView.swift; sourceTree = "<group>"; };
		8BC1092F28CF56D700CEEC77 /* Notes.app */ = {isa = PBXFileReference; explicitFileType = wrapper.application; includeInIndex = 0; path = Notes.app; sourceTree = BUILT_PRODUCTS_DIR; };
		8BC1093228CF56D700CEEC77 /* NotesApp.swift */ = {isa = PBXFileReference; lastKnownFileType = sourcecode.swift; path = NotesApp.swift; sourceTree = "<group>"; };
		8BC1093428CF56D700CEEC77 /* ContentView.swift */ = {isa = PBXFileReference; lastKnownFileType = sourcecode.swift; path = ContentView.swift; sourceTree = "<group>"; };
		8BC1093628CF56DD00CEEC77 /* Assets.xcassets */ = {isa = PBXFileReference; lastKnownFileType = folder.assetcatalog; path = Assets.xcassets; sourceTree = "<group>"; };
		8BC1093928CF56DD00CEEC77 /* Preview Assets.xcassets */ = {isa = PBXFileReference; lastKnownFileType = folder.assetcatalog; path = "Preview Assets.xcassets"; sourceTree = "<group>"; };
		8BC1093E28CF56DD00CEEC77 /* Notes.xcdatamodel */ = {isa = PBXFileReference; lastKnownFileType = wrapper.xcdatamodel; path = Notes.xcdatamodel; sourceTree = "<group>"; };
		8BC1094428CF56DE00CEEC77 /* NotesTests.xctest */ = {isa = PBXFileReference; explicitFileType = wrapper.cfbundle; includeInIndex = 0; path = NotesTests.xctest; sourceTree = BUILT_PRODUCTS_DIR; };
		8BC1094828CF56DE00CEEC77 /* NotesTests.swift */ = {isa = PBXFileReference; lastKnownFileType = sourcecode.swift; path = NotesTests.swift; sourceTree = "<group>"; };
		8BC1094E28CF56DE00CEEC77 /* NotesUITests.xctest */ = {isa = PBXFileReference; explicitFileType = wrapper.cfbundle; includeInIndex = 0; path = NotesUITests.xctest; sourceTree = BUILT_PRODUCTS_DIR; };
		8BC1095228CF56DE00CEEC77 /* NotesUITests.swift */ = {isa = PBXFileReference; lastKnownFileType = sourcecode.swift; path = NotesUITests.swift; sourceTree = "<group>"; };
		8BC1095428CF56DE00CEEC77 /* NotesUITestsLaunchTests.swift */ = {isa = PBXFileReference; lastKnownFileType = sourcecode.swift; path = NotesUITestsLaunchTests.swift; sourceTree = "<group>"; };
		8BC1096128CF5F2000CEEC77 /* AddNote.swift */ = {isa = PBXFileReference; lastKnownFileType = sourcecode.swift; path = AddNote.swift; sourceTree = "<group>"; };
		8BE5D0DF28CFCB0100853474 /* NotesModel.swift */ = {isa = PBXFileReference; lastKnownFileType = sourcecode.swift; path = NotesModel.swift; sourceTree = "<group>"; };
/* End PBXFileReference section */

/* Begin PBXFrameworksBuildPhase section */
		8BC1092C28CF56D700CEEC77 /* Frameworks */ = {
			isa = PBXFrameworksBuildPhase;
			buildActionMask = 2147483647;
			files = (
			);
			runOnlyForDeploymentPostprocessing = 0;
		};
		8BC1094128CF56DE00CEEC77 /* Frameworks */ = {
			isa = PBXFrameworksBuildPhase;
			buildActionMask = 2147483647;
			files = (
			);
			runOnlyForDeploymentPostprocessing = 0;
		};
		8BC1094B28CF56DE00CEEC77 /* Frameworks */ = {
			isa = PBXFrameworksBuildPhase;
			buildActionMask = 2147483647;
			files = (
			);
			runOnlyForDeploymentPostprocessing = 0;
		};
/* End PBXFrameworksBuildPhase section */

/* Begin PBXGroup section */
		8B2279D928CFB36300CE7D0B /* Views */ = {
			isa = PBXGroup;
			children = (
				8BC1093428CF56D700CEEC77 /* ContentView.swift */,
				8BC1096128CF5F2000CEEC77 /* AddNote.swift */,
				8B2279DA28CFB38800CE7D0B /* DetailView.swift */,
			);
			path = Views;
			sourceTree = "<group>";
		};
		8BC1092628CF56D700CEEC77 = {
			isa = PBXGroup;
			children = (
				8BC1093128CF56D700CEEC77 /* Notes */,
				8BC1094728CF56DE00CEEC77 /* NotesTests */,
				8BC1095128CF56DE00CEEC77 /* NotesUITests */,
				8BC1093028CF56D700CEEC77 /* Products */,
			);
			sourceTree = "<group>";
		};
		8BC1093028CF56D700CEEC77 /* Products */ = {
			isa = PBXGroup;
			children = (
				8BC1092F28CF56D700CEEC77 /* Notes.app */,
				8BC1094428CF56DE00CEEC77 /* NotesTests.xctest */,
				8BC1094E28CF56DE00CEEC77 /* NotesUITests.xctest */,
			);
			name = Products;
			sourceTree = "<group>";
		};
		8BC1093128CF56D700CEEC77 /* Notes */ = {
			isa = PBXGroup;
			children = (
				8BE5D0E128CFD24E00853474 /* ModelView */,
				8B2279D928CFB36300CE7D0B /* Views */,
				8BC1093228CF56D700CEEC77 /* NotesApp.swift */,
				8BC1093628CF56DD00CEEC77 /* Assets.xcassets */,
				8BC1093D28CF56DD00CEEC77 /* Notes.xcdatamodeld */,
				8BC1093828CF56DD00CEEC77 /* Preview Content */,
			);
			path = Notes;
			sourceTree = "<group>";
		};
		8BC1093828CF56DD00CEEC77 /* Preview Content */ = {
			isa = PBXGroup;
			children = (
				8BC1093928CF56DD00CEEC77 /* Preview Assets.xcassets */,
			);
			path = "Preview Content";
			sourceTree = "<group>";
		};
		8BC1094728CF56DE00CEEC77 /* NotesTests */ = {
			isa = PBXGroup;
			children = (
				8BC1094828CF56DE00CEEC77 /* NotesTests.swift */,
			);
			path = NotesTests;
			sourceTree = "<group>";
		};
		8BC1095128CF56DE00CEEC77 /* NotesUITests */ = {
			isa = PBXGroup;
			children = (
				8BC1095228CF56DE00CEEC77 /* NotesUITests.swift */,
				8BC1095428CF56DE00CEEC77 /* NotesUITestsLaunchTests.swift */,
			);
			path = NotesUITests;
			sourceTree = "<group>";
		};
		8BE5D0E128CFD24E00853474 /* ModelView */ = {
			isa = PBXGroup;
			children = (
				8BE5D0DF28CFCB0100853474 /* NotesModel.swift */,
			);
			path = ModelView;
			sourceTree = "<group>";
		};
/* End PBXGroup section */

/* Begin PBXNativeTarget section */
		8BC1092E28CF56D700CEEC77 /* Notes */ = {
			isa = PBXNativeTarget;
			buildConfigurationList = 8BC1095828CF56DE00CEEC77 /* Build configuration list for PBXNativeTarget "Notes" */;
			buildPhases = (
				8BC1092B28CF56D700CEEC77 /* Sources */,
				8BC1092C28CF56D700CEEC77 /* Frameworks */,
				8BC1092D28CF56D700CEEC77 /* Resources */,
			);
			buildRules = (
			);
			dependencies = (
			);
			name = Notes;
			productName = Notes;
			productReference = 8BC1092F28CF56D700CEEC77 /* Notes.app */;
			productType = "com.apple.product-type.application";
		};
		8BC1094328CF56DE00CEEC77 /* NotesTests */ = {
			isa = PBXNativeTarget;
			buildConfigurationList = 8BC1095B28CF56DE00CEEC77 /* Build configuration list for PBXNativeTarget "NotesTests" */;
			buildPhases = (
				8BC1094028CF56DE00CEEC77 /* Sources */,
				8BC1094128CF56DE00CEEC77 /* Frameworks */,
				8BC1094228CF56DE00CEEC77 /* Resources */,
			);
			buildRules = (
			);
			dependencies = (
				8BC1094628CF56DE00CEEC77 /* PBXTargetDependency */,
			);
			name = NotesTests;
			productName = NotesTests;
			productReference = 8BC1094428CF56DE00CEEC77 /* NotesTests.xctest */;
			productType = "com.apple.product-type.bundle.unit-test";
		};
		8BC1094D28CF56DE00CEEC77 /* NotesUITests */ = {
			isa = PBXNativeTarget;
			buildConfigurationList = 8BC1095E28CF56DE00CEEC77 /* Build configuration list for PBXNativeTarget "NotesUITests" */;
			buildPhases = (
				8BC1094A28CF56DE00CEEC77 /* Sources */,
				8BC1094B28CF56DE00CEEC77 /* Frameworks */,
				8BC1094C28CF56DE00CEEC77 /* Resources */,
			);
			buildRules = (
			);
			dependencies = (
				8BC1095028CF56DE00CEEC77 /* PBXTargetDependency */,
			);
			name = NotesUITests;
			productName = NotesUITests;
			productReference = 8BC1094E28CF56DE00CEEC77 /* NotesUITests.xctest */;
			productType = "com.apple.product-type.bundle.ui-testing";
		};
/* End PBXNativeTarget section */

/* Begin PBXProject section */
		8BC1092728CF56D700CEEC77 /* Project object */ = {
			isa = PBXProject;
			attributes = {
				BuildIndependentTargetsInParallel = 1;
				LastSwiftUpdateCheck = 1340;
				LastUpgradeCheck = 1340;
				TargetAttributes = {
					8BC1092E28CF56D700CEEC77 = {
						CreatedOnToolsVersion = 13.4;
					};
					8BC1094328CF56DE00CEEC77 = {
						CreatedOnToolsVersion = 13.4;
						TestTargetID = 8BC1092E28CF56D700CEEC77;
					};
					8BC1094D28CF56DE00CEEC77 = {
						CreatedOnToolsVersion = 13.4;
						TestTargetID = 8BC1092E28CF56D700CEEC77;
					};
				};
			};
			buildConfigurationList = 8BC1092A28CF56D700CEEC77 /* Build configuration list for PBXProject "Notes" */;
			compatibilityVersion = "Xcode 13.0";
			developmentRegion = en;
			hasScannedForEncodings = 0;
			knownRegions = (
				en,
				Base,
			);
			mainGroup = 8BC1092628CF56D700CEEC77;
			productRefGroup = 8BC1093028CF56D700CEEC77 /* Products */;
			projectDirPath = "";
			projectRoot = "";
			targets = (
				8BC1092E28CF56D700CEEC77 /* Notes */,
				8BC1094328CF56DE00CEEC77 /* NotesTests */,
				8BC1094D28CF56DE00CEEC77 /* NotesUITests */,
			);
		};
/* End PBXProject section */

/* Begin PBXResourcesBuildPhase section */
		8BC1092D28CF56D700CEEC77 /* Resources */ = {
			isa = PBXResourcesBuildPhase;
			buildActionMask = 2147483647;
			files = (
				8BC1093A28CF56DD00CEEC77 /* Preview Assets.xcassets in Resources */,
				8BC1093728CF56DD00CEEC77 /* Assets.xcassets in Resources */,
			);
			runOnlyForDeploymentPostprocessing = 0;
		};
		8BC1094228CF56DE00CEEC77 /* Resources */ = {
			isa = PBXResourcesBuildPhase;
			buildActionMask = 2147483647;
			files = (
			);
			runOnlyForDeploymentPostprocessing = 0;
		};
		8BC1094C28CF56DE00CEEC77 /* Resources */ = {
			isa = PBXResourcesBuildPhase;
			buildActionMask = 2147483647;
			files = (
			);
			runOnlyForDeploymentPostprocessing = 0;
		};
/* End PBXResourcesBuildPhase section */

/* Begin PBXSourcesBuildPhase section */
		8BC1092B28CF56D700CEEC77 /* Sources */ = {
			isa = PBXSourcesBuildPhase;
			buildActionMask = 2147483647;
			files = (
				8BE5D0E028CFCB0100853474 /* NotesModel.swift in Sources */,
				8BC1096228CF5F2000CEEC77 /* AddNote.swift in Sources */,
				8B2279DB28CFB38800CE7D0B /* DetailView.swift in Sources */,
				8BC1093528CF56D700CEEC77 /* ContentView.swift in Sources */,
				8BC1093328CF56D700CEEC77 /* NotesApp.swift in Sources */,
				8BC1093F28CF56DD00CEEC77 /* Notes.xcdatamodeld in Sources */,
			);
			runOnlyForDeploymentPostprocessing = 0;
		};
		8BC1094028CF56DE00CEEC77 /* Sources */ = {
			isa = PBXSourcesBuildPhase;
			buildActionMask = 2147483647;
			files = (
				8BC1094928CF56DE00CEEC77 /* NotesTests.swift in Sources */,
			);
			runOnlyForDeploymentPostprocessing = 0;
		};
		8BC1094A28CF56DE00CEEC77 /* Sources */ = {
			isa = PBXSourcesBuildPhase;
			buildActionMask = 2147483647;
			files = (
				8BC1095528CF56DE00CEEC77 /* NotesUITestsLaunchTests.swift in Sources */,
				8BC1095328CF56DE00CEEC77 /* NotesUITests.swift in Sources */,
			);
			runOnlyForDeploymentPostprocessing = 0;
		};
/* End PBXSourcesBuildPhase section */

/* Begin PBXTargetDependency section */
		8BC1094628CF56DE00CEEC77 /* PBXTargetDependency */ = {
			isa = PBXTargetDependency;
			target = 8BC1092E28CF56D700CEEC77 /* Notes */;
			targetProxy = 8BC1094528CF56DE00CEEC77 /* PBXContainerItemProxy */;
		};
		8BC1095028CF56DE00CEEC77 /* PBXTargetDependency */ = {
			isa = PBXTargetDependency;
			target = 8BC1092E28CF56D700CEEC77 /* Notes */;
			targetProxy = 8BC1094F28CF56DE00CEEC77 /* PBXContainerItemProxy */;
		};
/* End PBXTargetDependency section */

/* Begin XCBuildConfiguration section */
		8BC1095628CF56DE00CEEC77 /* Debug */ = {
			isa = XCBuildConfiguration;
			buildSettings = {
				ALWAYS_SEARCH_USER_PATHS = NO;
				CLANG_ANALYZER_NONNULL = YES;
				CLANG_ANALYZER_NUMBER_OBJECT_CONVERSION = YES_AGGRESSIVE;
				CLANG_CXX_LANGUAGE_STANDARD = "gnu++17";
				CLANG_ENABLE_MODULES = YES;
				CLANG_ENABLE_OBJC_ARC = YES;
				CLANG_ENABLE_OBJC_WEAK = YES;
				CLANG_WARN_BLOCK_CAPTURE_AUTORELEASING = YES;
				CLANG_WARN_BOOL_CONVERSION = YES;
				CLANG_WARN_COMMA = YES;
				CLANG_WARN_CONSTANT_CONVERSION = YES;
				CLANG_WARN_DEPRECATED_OBJC_IMPLEMENTATIONS = YES;
				CLANG_WARN_DIRECT_OBJC_ISA_USAGE = YES_ERROR;
				CLANG_WARN_DOCUMENTATION_COMMENTS = YES;
				CLANG_WARN_EMPTY_BODY = YES;
				CLANG_WARN_ENUM_CONVERSION = YES;
				CLANG_WARN_INFINITE_RECURSION = YES;
				CLANG_WARN_INT_CONVERSION = YES;
				CLANG_WARN_NON_LITERAL_NULL_CONVERSION = YES;
				CLANG_WARN_OBJC_IMPLICIT_RETAIN_SELF = YES;
				CLANG_WARN_OBJC_LITERAL_CONVERSION = YES;
				CLANG_WARN_OBJC_ROOT_CLASS = YES_ERROR;
				CLANG_WARN_QUOTED_INCLUDE_IN_FRAMEWORK_HEADER = YES;
				CLANG_WARN_RANGE_LOOP_ANALYSIS = YES;
				CLANG_WARN_STRICT_PROTOTYPES = YES;
				CLANG_WARN_SUSPICIOUS_MOVE = YES;
				CLANG_WARN_UNGUARDED_AVAILABILITY = YES_AGGRESSIVE;
				CLANG_WARN_UNREACHABLE_CODE = YES;
				CLANG_WARN__DUPLICATE_METHOD_MATCH = YES;
				COPY_PHASE_STRIP = NO;
				DEBUG_INFORMATION_FORMAT = dwarf;
				ENABLE_STRICT_OBJC_MSGSEND = YES;
				ENABLE_TESTABILITY = YES;
				GCC_C_LANGUAGE_STANDARD = gnu11;
				GCC_DYNAMIC_NO_PIC = NO;
				GCC_NO_COMMON_BLOCKS = YES;
				GCC_OPTIMIZATION_LEVEL = 0;
				GCC_PREPROCESSOR_DEFINITIONS = (
					"DEBUG=1",
					"$(inherited)",
				);
				GCC_WARN_64_TO_32_BIT_CONVERSION = YES;
				GCC_WARN_ABOUT_RETURN_TYPE = YES_ERROR;
				GCC_WARN_UNDECLARED_SELECTOR = YES;
				GCC_WARN_UNINITIALIZED_AUTOS = YES_AGGRESSIVE;
				GCC_WARN_UNUSED_FUNCTION = YES;
				GCC_WARN_UNUSED_VARIABLE = YES;
				IPHONEOS_DEPLOYMENT_TARGET = 15.5;
				MTL_ENABLE_DEBUG_INFO = INCLUDE_SOURCE;
				MTL_FAST_MATH = YES;
				ONLY_ACTIVE_ARCH = YES;
				SDKROOT = iphoneos;
				SWIFT_ACTIVE_COMPILATION_CONDITIONS = DEBUG;
				SWIFT_OPTIMIZATION_LEVEL = "-Onone";
			};
			name = Debug;
		};
		8BC1095728CF56DE00CEEC77 /* Release */ = {
			isa = XCBuildConfiguration;
			buildSettings = {
				ALWAYS_SEARCH_USER_PATHS = NO;
				CLANG_ANALYZER_NONNULL = YES;
				CLANG_ANALYZER_NUMBER_OBJECT_CONVERSION = YES_AGGRESSIVE;
				CLANG_CXX_LANGUAGE_STANDARD = "gnu++17";
				CLANG_ENABLE_MODULES = YES;
				CLANG_ENABLE_OBJC_ARC = YES;
				CLANG_ENABLE_OBJC_WEAK = YES;
				CLANG_WARN_BLOCK_CAPTURE_AUTORELEASING = YES;
				CLANG_WARN_BOOL_CONVERSION = YES;
				CLANG_WARN_COMMA = YES;
				CLANG_WARN_CONSTANT_CONVERSION = YES;
				CLANG_WARN_DEPRECATED_OBJC_IMPLEMENTATIONS = YES;
				CLANG_WARN_DIRECT_OBJC_ISA_USAGE = YES_ERROR;
				CLANG_WARN_DOCUMENTATION_COMMENTS = YES;
				CLANG_WARN_EMPTY_BODY = YES;
				CLANG_WARN_ENUM_CONVERSION = YES;
				CLANG_WARN_INFINITE_RECURSION = YES;
				CLANG_WARN_INT_CONVERSION = YES;
				CLANG_WARN_NON_LITERAL_NULL_CONVERSION = YES;
				CLANG_WARN_OBJC_IMPLICIT_RETAIN_SELF = YES;
				CLANG_WARN_OBJC_LITERAL_CONVERSION = YES;
				CLANG_WARN_OBJC_ROOT_CLASS = YES_ERROR;
				CLANG_WARN_QUOTED_INCLUDE_IN_FRAMEWORK_HEADER = YES;
				CLANG_WARN_RANGE_LOOP_ANALYSIS = YES;
				CLANG_WARN_STRICT_PROTOTYPES = YES;
				CLANG_WARN_SUSPICIOUS_MOVE = YES;
				CLANG_WARN_UNGUARDED_AVAILABILITY = YES_AGGRESSIVE;
				CLANG_WARN_UNREACHABLE_CODE = YES;
				CLANG_WARN__DUPLICATE_METHOD_MATCH = YES;
				COPY_PHASE_STRIP = NO;
				DEBUG_INFORMATION_FORMAT = "dwarf-with-dsym";
				ENABLE_NS_ASSERTIONS = NO;
				ENABLE_STRICT_OBJC_MSGSEND = YES;
				GCC_C_LANGUAGE_STANDARD = gnu11;
				GCC_NO_COMMON_BLOCKS = YES;
				GCC_WARN_64_TO_32_BIT_CONVERSION = YES;
				GCC_WARN_ABOUT_RETURN_TYPE = YES_ERROR;
				GCC_WARN_UNDECLARED_SELECTOR = YES;
				GCC_WARN_UNINITIALIZED_AUTOS = YES_AGGRESSIVE;
				GCC_WARN_UNUSED_FUNCTION = YES;
				GCC_WARN_UNUSED_VARIABLE = YES;
				IPHONEOS_DEPLOYMENT_TARGET = 15.5;
				MTL_ENABLE_DEBUG_INFO = NO;
				MTL_FAST_MATH = YES;
				SDKROOT = iphoneos;
				SWIFT_COMPILATION_MODE = wholemodule;
				SWIFT_OPTIMIZATION_LEVEL = "-O";
				VALIDATE_PRODUCT = YES;
			};
			name = Release;
		};
		8BC1095928CF56DE00CEEC77 /* Debug */ = {
			isa = XCBuildConfiguration;
			buildSettings = {
				ASSETCATALOG_COMPILER_APPICON_NAME = AppIcon;
				ASSETCATALOG_COMPILER_GLOBAL_ACCENT_COLOR_NAME = AccentColor;
				CODE_SIGN_STYLE = Automatic;
				CURRENT_PROJECT_VERSION = 1;
				DEVELOPMENT_ASSET_PATHS = "\"Notes/Preview Content\"";
				ENABLE_PREVIEWS = YES;
				GENERATE_INFOPLIST_FILE = YES;
				INFOPLIST_KEY_UIApplicationSceneManifest_Generation = YES;
				INFOPLIST_KEY_UIApplicationSupportsIndirectInputEvents = YES;
				INFOPLIST_KEY_UILaunchScreen_Generation = YES;
				INFOPLIST_KEY_UISupportedInterfaceOrientations_iPad = "UIInterfaceOrientationPortrait UIInterfaceOrientationPortraitUpsideDown UIInterfaceOrientationLandscapeLeft UIInterfaceOrientationLandscapeRight";
				INFOPLIST_KEY_UISupportedInterfaceOrientations_iPhone = "UIInterfaceOrientationPortrait UIInterfaceOrientationLandscapeLeft UIInterfaceOrientationLandscapeRight";
				LD_RUNPATH_SEARCH_PATHS = (
					"$(inherited)",
					"@executable_path/Frameworks",
				);
				MARKETING_VERSION = 1.0;
				PRODUCT_BUNDLE_IDENTIFIER = com.varunnaharia.Notes;
				PRODUCT_NAME = "$(TARGET_NAME)";
				SWIFT_EMIT_LOC_STRINGS = YES;
				SWIFT_VERSION = 5.0;
				TARGETED_DEVICE_FAMILY = "1,2";
			};
			name = Debug;
		};
		8BC1095A28CF56DE00CEEC77 /* Release */ = {
			isa = XCBuildConfiguration;
			buildSettings = {
				ASSETCATALOG_COMPILER_APPICON_NAME = AppIcon;
				ASSETCATALOG_COMPILER_GLOBAL_ACCENT_COLOR_NAME = AccentColor;
				CODE_SIGN_STYLE = Automatic;
				CURRENT_PROJECT_VERSION = 1;
				DEVELOPMENT_ASSET_PATHS = "\"Notes/Preview Content\"";
				ENABLE_PREVIEWS = YES;
				GENERATE_INFOPLIST_FILE = YES;
				INFOPLIST_KEY_UIApplicationSceneManifest_Generation = YES;
				INFOPLIST_KEY_UIApplicationSupportsIndirectInputEvents = YES;
				INFOPLIST_KEY_UILaunchScreen_Generation = YES;
				INFOPLIST_KEY_UISupportedInterfaceOrientations_iPad = "UIInterfaceOrientationPortrait UIInterfaceOrientationPortraitUpsideDown UIInterfaceOrientationLandscapeLeft UIInterfaceOrientationLandscapeRight";
				INFOPLIST_KEY_UISupportedInterfaceOrientations_iPhone = "UIInterfaceOrientationPortrait UIInterfaceOrientationLandscapeLeft UIInterfaceOrientationLandscapeRight";
				LD_RUNPATH_SEARCH_PATHS = (
					"$(inherited)",
					"@executable_path/Frameworks",
				);
				MARKETING_VERSION = 1.0;
				PRODUCT_BUNDLE_IDENTIFIER = com.varunnaharia.Notes;
				PRODUCT_NAME = "$(TARGET_NAME)";
				SWIFT_EMIT_LOC_STRINGS = YES;
				SWIFT_VERSION = 5.0;
				TARGETED_DEVICE_FAMILY = "1,2";
			};
			name = Release;
		};
		8BC1095C28CF56DE00CEEC77 /* Debug */ = {
			isa = XCBuildConfiguration;
			buildSettings = {
				ALWAYS_EMBED_SWIFT_STANDARD_LIBRARIES = YES;
				BUNDLE_LOADER = "$(TEST_HOST)";
				CODE_SIGN_STYLE = Automatic;
				CURRENT_PROJECT_VERSION = 1;
				GENERATE_INFOPLIST_FILE = YES;
				IPHONEOS_DEPLOYMENT_TARGET = 15.5;
				MARKETING_VERSION = 1.0;
				PRODUCT_BUNDLE_IDENTIFIER = com.varunnaharia.NotesTests;
				PRODUCT_NAME = "$(TARGET_NAME)";
				SWIFT_EMIT_LOC_STRINGS = NO;
				SWIFT_VERSION = 5.0;
				TARGETED_DEVICE_FAMILY = "1,2";
				TEST_HOST = "$(BUILT_PRODUCTS_DIR)/Notes.app/Notes";
			};
			name = Debug;
		};
		8BC1095D28CF56DE00CEEC77 /* Release */ = {
			isa = XCBuildConfiguration;
			buildSettings = {
				ALWAYS_EMBED_SWIFT_STANDARD_LIBRARIES = YES;
				BUNDLE_LOADER = "$(TEST_HOST)";
				CODE_SIGN_STYLE = Automatic;
				CURRENT_PROJECT_VERSION = 1;
				GENERATE_INFOPLIST_FILE = YES;
				IPHONEOS_DEPLOYMENT_TARGET = 15.5;
				MARKETING_VERSION = 1.0;
				PRODUCT_BUNDLE_IDENTIFIER = com.varunnaharia.NotesTests;
				PRODUCT_NAME = "$(TARGET_NAME)";
				SWIFT_EMIT_LOC_STRINGS = NO;
				SWIFT_VERSION = 5.0;
				TARGETED_DEVICE_FAMILY = "1,2";
				TEST_HOST = "$(BUILT_PRODUCTS_DIR)/Notes.app/Notes";
			};
			name = Release;
		};
		8BC1095F28CF56DE00CEEC77 /* Debug */ = {
			isa = XCBuildConfiguration;
			buildSettings = {
				ALWAYS_EMBED_SWIFT_STANDARD_LIBRARIES = YES;
				CODE_SIGN_STYLE = Automatic;
				CURRENT_PROJECT_VERSION = 1;
				GENERATE_INFOPLIST_FILE = YES;
				MARKETING_VERSION = 1.0;
				PRODUCT_BUNDLE_IDENTIFIER = com.varunnaharia.NotesUITests;
				PRODUCT_NAME = "$(TARGET_NAME)";
				SWIFT_EMIT_LOC_STRINGS = NO;
				SWIFT_VERSION = 5.0;
				TARGETED_DEVICE_FAMILY = "1,2";
				TEST_TARGET_NAME = Notes;
			};
			name = Debug;
		};
		8BC1096028CF56DE00CEEC77 /* Release */ = {
			isa = XCBuildConfiguration;
			buildSettings = {
				ALWAYS_EMBED_SWIFT_STANDARD_LIBRARIES = YES;
				CODE_SIGN_STYLE = Automatic;
				CURRENT_PROJECT_VERSION = 1;
				GENERATE_INFOPLIST_FILE = YES;
				MARKETING_VERSION = 1.0;
				PRODUCT_BUNDLE_IDENTIFIER = com.varunnaharia.NotesUITests;
				PRODUCT_NAME = "$(TARGET_NAME)";
				SWIFT_EMIT_LOC_STRINGS = NO;
				SWIFT_VERSION = 5.0;
				TARGETED_DEVICE_FAMILY = "1,2";
				TEST_TARGET_NAME = Notes;
			};
			name = Release;
		};
/* End XCBuildConfiguration section */

/* Begin XCConfigurationList section */
		8BC1092A28CF56D700CEEC77 /* Build configuration list for PBXProject "Notes" */ = {
			isa = XCConfigurationList;
			buildConfigurations = (
				8BC1095628CF56DE00CEEC77 /* Debug */,
				8BC1095728CF56DE00CEEC77 /* Release */,
			);
			defaultConfigurationIsVisible = 0;
			defaultConfigurationName = Release;
		};
		8BC1095828CF56DE00CEEC77 /* Build configuration list for PBXNativeTarget "Notes" */ = {
			isa = XCConfigurationList;
			buildConfigurations = (
				8BC1095928CF56DE00CEEC77 /* Debug */,
				8BC1095A28CF56DE00CEEC77 /* Release */,
			);
			defaultConfigurationIsVisible = 0;
			defaultConfigurationName = Release;
		};
		8BC1095B28CF56DE00CEEC77 /* Build configuration list for PBXNativeTarget "NotesTests" */ = {
			isa = XCConfigurationList;
			buildConfigurations = (
				8BC1095C28CF56DE00CEEC77 /* Debug */,
				8BC1095D28CF56DE00CEEC77 /* Release */,
			);
			defaultConfigurationIsVisible = 0;
			defaultConfigurationName = Release;
		};
		8BC1095E28CF56DE00CEEC77 /* Build configuration list for PBXNativeTarget "NotesUITests" */ = {
			isa = XCConfigurationList;
			buildConfigurations = (
				8BC1095F28CF56DE00CEEC77 /* Debug */,
				8BC1096028CF56DE00CEEC77 /* Release */,
			);
			defaultConfigurationIsVisible = 0;
			defaultConfigurationName = Release;
		};
/* End XCConfigurationList section */

/* Begin XCVersionGroup section */
		8BC1093D28CF56DD00CEEC77 /* Notes.xcdatamodeld */ = {
			isa = XCVersionGroup;
			children = (
				8BC1093E28CF56DD00CEEC77 /* Notes.xcdatamodel */,
			);
			currentVersion = 8BC1093E28CF56DD00CEEC77 /* Notes.xcdatamodel */;
			path = Notes.xcdatamodeld;
			sourceTree = "<group>";
			versionGroupType = wrapper.xcdatamodel;
		};
/* End XCVersionGroup section */
	};
	rootObject = 8BC1092728CF56D700CEEC77 /* Project object */;
}
